
Microsoft Visual Studio Solution File, Format Version 12.00
# Visual Studio Version 16
VisualStudioVersion = 16.0.28729.10
MinimumVisualStudioVersion = 10.0.40219.1
Project("{2150E333-8FDC-42A3-9474-1A3956D46DE8}") = "src", "src", "{DC3964A9-C266-4A8A-954D-44504A64EF8C}"
EndProject
Project("{9A19103F-16F7-4668-BE54-9A1E7A4F7556}") = "Alium.Core.Abstractions", "src\Alium.Core.Abstractions\Alium.Core.Abstractions.csproj", "{67AF6E26-6991-4ECF-9B3D-E15F829E128C}"
EndProject
Project("{2150E333-8FDC-42A3-9474-1A3956D46DE8}") = "tests", "tests", "{5D55F44D-1016-4AD9-9A82-FB7655EF5983}"
EndProject
Project("{9A19103F-16F7-4668-BE54-9A1E7A4F7556}") = "Alium.Core.Abstractions.Tests", "tests\Alium.Core.Abstractions.Tests\Alium.Core.Abstractions.Tests.csproj", "{41B2BFF5-F871-4F38-8DCC-9F06B867D595}"
EndProject
Project("{2150E333-8FDC-42A3-9474-1A3956D46DE8}") = "Solution Items", "Solution Items", "{54F1A7B2-0BB8-4983-BA90-C51BFDC5E629}"
	ProjectSection(SolutionItems) = preProject
		.editorconfig = .editorconfig
		.gitignore = .gitignore
		.gitmodules = .gitmodules
		appveyor.yml = appveyor.yml
		azure-pipelines.yml = azure-pipelines.yml
		build.ps1 = build.ps1
		global.json = global.json
		LICENSE = LICENSE
		nuget.config = nuget.config
		project.props = project.props
		README.md = README.md
	EndProjectSection
EndProject
Project("{9A19103F-16F7-4668-BE54-9A1E7A4F7556}") = "Alium.Core", "src\Alium.Core\Alium.Core.csproj", "{F68BE3CE-8147-4C9C-906F-6E4273FA1AAD}"
EndProject
Project("{9A19103F-16F7-4668-BE54-9A1E7A4F7556}") = "Alium.Core.Tests", "tests\Alium.Core.Tests\Alium.Core.Tests.csproj", "{6725F814-1280-4FBA-AB45-4793844DC959}"
EndProject
Project("{2150E333-8FDC-42A3-9474-1A3956D46DE8}") = "samples", "samples", "{659437A0-D554-462E-B7C8-937118DBC628}"
EndProject
Project("{9A19103F-16F7-4668-BE54-9A1E7A4F7556}") = "Alium.Core.WebSample", "samples\Alium.Core.WebSample\Alium.Core.WebSample.csproj", "{0313F9D4-B184-4AE2-8099-CBD3B4ACA84C}"
EndProject
Project("{2150E333-8FDC-42A3-9474-1A3956D46DE8}") = "build-template", "build-template", "{C8A240AC-B7F5-4FF6-A582-B6B9EEEC20D0}"
	ProjectSection(SolutionItems) = preProject
		build-template\.gitignore = build-template\.gitignore
		build-template\build.cake = build-template\build.cake
		build-template\build.props = build-template\build.props
		build-template\build.ps1 = build-template\build.ps1
		build-template\build.sh = build-template\build.sh
		build-template\build.targets = build-template\build.targets
		build-template\dependencies.props = build-template\dependencies.props
		build-template\LICENSE = build-template\LICENSE
		build-template\packages.props = build-template\packages.props
		build-template\README.md = build-template\README.md
	EndProjectSection
EndProject
Project("{9A19103F-16F7-4668-BE54-9A1E7A4F7556}") = "Alium.Data.Abstractions", "src\Alium.Data.Abstractions\Alium.Data.Abstractions.csproj", "{9967D932-B5FB-43FF-9079-C38E47F5B96F}"
EndProject
Project("{9A19103F-16F7-4668-BE54-9A1E7A4F7556}") = "Alium.Data.Abstractions.Tests", "tests\Alium.Data.Abstractions.Tests\Alium.Data.Abstractions.Tests.csproj", "{1E9C3309-A99B-479F-B281-26D5A158EDFC}"
EndProject
Project("{9A19103F-16F7-4668-BE54-9A1E7A4F7556}") = "Alium.Core.ConsoleSample", "samples\Alium.Core.ConsoleSample\Alium.Core.ConsoleSample.csproj", "{80B15D43-16FC-4E8D-9AF8-64D0AD739D73}"
EndProject
Project("{9A19103F-16F7-4668-BE54-9A1E7A4F7556}") = "Alium.Membership.Abstractions", "src\Alium.Membership.Abstractions\Alium.Membership.Abstractions.csproj", "{9DF3349F-576B-46EC-8EB2-F1F65C23C9FB}"
EndProject
Project("{9A19103F-16F7-4668-BE54-9A1E7A4F7556}") = "Alium.Administration.Abstractions", "src\Alium.Administration.Abstractions\Alium.Administration.Abstractions.csproj", "{38B3E6D1-E665-4108-95A8-B2960FD191EE}"
EndProject
Project("{2150E333-8FDC-42A3-9474-1A3956D46DE8}") = "Administration", "Administration", "{76897309-1BAB-40EF-B740-BB893F98B53D}"
EndProject
Project("{2150E333-8FDC-42A3-9474-1A3956D46DE8}") = "Membership", "Membership", "{BABB902D-090C-4C89-975A-684D93D70354}"
EndProject
Project("{9A19103F-16F7-4668-BE54-9A1E7A4F7556}") = "Alium.Data.ConsoleSample", "samples\Alium.Data.ConsoleSample\Alium.Data.ConsoleSample.csproj", "{7693BD40-0DF3-4214-BFAC-9A2E5C6D0FAD}"
EndProject
Project("{9A19103F-16F7-4668-BE54-9A1E7A4F7556}") = "Alium.Web", "src\Alium.Web\Alium.Web.csproj", "{764970C4-9571-413A-8FD9-5B72022AFB32}"
EndProject
Project("{9A19103F-16F7-4668-BE54-9A1E7A4F7556}") = "Alium.Web.Abstractions", "src\Alium.Web.Abstractions\Alium.Web.Abstractions.csproj", "{69F2E763-0C7A-4688-A1F4-AC4F3C63EFAE}"
EndProject
Project("{2150E333-8FDC-42A3-9474-1A3956D46DE8}") = "Web", "Web", "{2B0F78B0-D7B8-4AB6-AEE8-7D8416A5D0A3}"
EndProject
Project("{9A19103F-16F7-4668-BE54-9A1E7A4F7556}") = "Alium.Web.Tests", "tests\Alium.Web.Tests\Alium.Web.Tests.csproj", "{5C1FC005-EA60-46AE-83F4-93CD89EDD722}"
EndProject
Project("{2150E333-8FDC-42A3-9474-1A3956D46DE8}") = "Web", "Web", "{90942F87-D52A-475D-9165-38EEAF660F43}"
EndProject
Global
	GlobalSection(SolutionConfigurationPlatforms) = preSolution
		Debug|Any CPU = Debug|Any CPU
		Debug|x64 = Debug|x64
		Debug|x86 = Debug|x86
		Release|Any CPU = Release|Any CPU
		Release|x64 = Release|x64
		Release|x86 = Release|x86
	EndGlobalSection
	GlobalSection(ProjectConfigurationPlatforms) = postSolution
		{67AF6E26-6991-4ECF-9B3D-E15F829E128C}.Debug|Any CPU.ActiveCfg = Debug|Any CPU
		{67AF6E26-6991-4ECF-9B3D-E15F829E128C}.Debug|Any CPU.Build.0 = Debug|Any CPU
		{67AF6E26-6991-4ECF-9B3D-E15F829E128C}.Debug|x64.ActiveCfg = Debug|Any CPU
		{67AF6E26-6991-4ECF-9B3D-E15F829E128C}.Debug|x64.Build.0 = Debug|Any CPU
		{67AF6E26-6991-4ECF-9B3D-E15F829E128C}.Debug|x86.ActiveCfg = Debug|Any CPU
		{67AF6E26-6991-4ECF-9B3D-E15F829E128C}.Debug|x86.Build.0 = Debug|Any CPU
		{67AF6E26-6991-4ECF-9B3D-E15F829E128C}.Release|Any CPU.ActiveCfg = Release|Any CPU
		{67AF6E26-6991-4ECF-9B3D-E15F829E128C}.Release|Any CPU.Build.0 = Release|Any CPU
		{67AF6E26-6991-4ECF-9B3D-E15F829E128C}.Release|x64.ActiveCfg = Release|Any CPU
		{67AF6E26-6991-4ECF-9B3D-E15F829E128C}.Release|x64.Build.0 = Release|Any CPU
		{67AF6E26-6991-4ECF-9B3D-E15F829E128C}.Release|x86.ActiveCfg = Release|Any CPU
		{67AF6E26-6991-4ECF-9B3D-E15F829E128C}.Release|x86.Build.0 = Release|Any CPU
		{41B2BFF5-F871-4F38-8DCC-9F06B867D595}.Debug|Any CPU.ActiveCfg = Debug|Any CPU
		{41B2BFF5-F871-4F38-8DCC-9F06B867D595}.Debug|Any CPU.Build.0 = Debug|Any CPU
		{41B2BFF5-F871-4F38-8DCC-9F06B867D595}.Debug|x64.ActiveCfg = Debug|Any CPU
		{41B2BFF5-F871-4F38-8DCC-9F06B867D595}.Debug|x64.Build.0 = Debug|Any CPU
		{41B2BFF5-F871-4F38-8DCC-9F06B867D595}.Debug|x86.ActiveCfg = Debug|Any CPU
		{41B2BFF5-F871-4F38-8DCC-9F06B867D595}.Debug|x86.Build.0 = Debug|Any CPU
		{41B2BFF5-F871-4F38-8DCC-9F06B867D595}.Release|Any CPU.ActiveCfg = Release|Any CPU
		{41B2BFF5-F871-4F38-8DCC-9F06B867D595}.Release|Any CPU.Build.0 = Release|Any CPU
		{41B2BFF5-F871-4F38-8DCC-9F06B867D595}.Release|x64.ActiveCfg = Release|Any CPU
		{41B2BFF5-F871-4F38-8DCC-9F06B867D595}.Release|x64.Build.0 = Release|Any CPU
		{41B2BFF5-F871-4F38-8DCC-9F06B867D595}.Release|x86.ActiveCfg = Release|Any CPU
		{41B2BFF5-F871-4F38-8DCC-9F06B867D595}.Release|x86.Build.0 = Release|Any CPU
		{F68BE3CE-8147-4C9C-906F-6E4273FA1AAD}.Debug|Any CPU.ActiveCfg = Debug|Any CPU
		{F68BE3CE-8147-4C9C-906F-6E4273FA1AAD}.Debug|Any CPU.Build.0 = Debug|Any CPU
		{F68BE3CE-8147-4C9C-906F-6E4273FA1AAD}.Debug|x64.ActiveCfg = Debug|Any CPU
		{F68BE3CE-8147-4C9C-906F-6E4273FA1AAD}.Debug|x64.Build.0 = Debug|Any CPU
		{F68BE3CE-8147-4C9C-906F-6E4273FA1AAD}.Debug|x86.ActiveCfg = Debug|Any CPU
		{F68BE3CE-8147-4C9C-906F-6E4273FA1AAD}.Debug|x86.Build.0 = Debug|Any CPU
		{F68BE3CE-8147-4C9C-906F-6E4273FA1AAD}.Release|Any CPU.ActiveCfg = Release|Any CPU
		{F68BE3CE-8147-4C9C-906F-6E4273FA1AAD}.Release|Any CPU.Build.0 = Release|Any CPU
		{F68BE3CE-8147-4C9C-906F-6E4273FA1AAD}.Release|x64.ActiveCfg = Release|Any CPU
		{F68BE3CE-8147-4C9C-906F-6E4273FA1AAD}.Release|x64.Build.0 = Release|Any CPU
		{F68BE3CE-8147-4C9C-906F-6E4273FA1AAD}.Release|x86.ActiveCfg = Release|Any CPU
		{F68BE3CE-8147-4C9C-906F-6E4273FA1AAD}.Release|x86.Build.0 = Release|Any CPU
		{6725F814-1280-4FBA-AB45-4793844DC959}.Debug|Any CPU.ActiveCfg = Debug|Any CPU
		{6725F814-1280-4FBA-AB45-4793844DC959}.Debug|Any CPU.Build.0 = Debug|Any CPU
		{6725F814-1280-4FBA-AB45-4793844DC959}.Debug|x64.ActiveCfg = Debug|Any CPU
		{6725F814-1280-4FBA-AB45-4793844DC959}.Debug|x64.Build.0 = Debug|Any CPU
		{6725F814-1280-4FBA-AB45-4793844DC959}.Debug|x86.ActiveCfg = Debug|Any CPU
		{6725F814-1280-4FBA-AB45-4793844DC959}.Debug|x86.Build.0 = Debug|Any CPU
		{6725F814-1280-4FBA-AB45-4793844DC959}.Release|Any CPU.ActiveCfg = Release|Any CPU
		{6725F814-1280-4FBA-AB45-4793844DC959}.Release|Any CPU.Build.0 = Release|Any CPU
		{6725F814-1280-4FBA-AB45-4793844DC959}.Release|x64.ActiveCfg = Release|Any CPU
		{6725F814-1280-4FBA-AB45-4793844DC959}.Release|x64.Build.0 = Release|Any CPU
		{6725F814-1280-4FBA-AB45-4793844DC959}.Release|x86.ActiveCfg = Release|Any CPU
		{6725F814-1280-4FBA-AB45-4793844DC959}.Release|x86.Build.0 = Release|Any CPU
		{0313F9D4-B184-4AE2-8099-CBD3B4ACA84C}.Debug|Any CPU.ActiveCfg = Debug|Any CPU
		{0313F9D4-B184-4AE2-8099-CBD3B4ACA84C}.Debug|Any CPU.Build.0 = Debug|Any CPU
		{0313F9D4-B184-4AE2-8099-CBD3B4ACA84C}.Debug|x64.ActiveCfg = Debug|Any CPU
		{0313F9D4-B184-4AE2-8099-CBD3B4ACA84C}.Debug|x64.Build.0 = Debug|Any CPU
		{0313F9D4-B184-4AE2-8099-CBD3B4ACA84C}.Debug|x86.ActiveCfg = Debug|Any CPU
		{0313F9D4-B184-4AE2-8099-CBD3B4ACA84C}.Debug|x86.Build.0 = Debug|Any CPU
		{0313F9D4-B184-4AE2-8099-CBD3B4ACA84C}.Release|Any CPU.ActiveCfg = Release|Any CPU
		{0313F9D4-B184-4AE2-8099-CBD3B4ACA84C}.Release|Any CPU.Build.0 = Release|Any CPU
		{0313F9D4-B184-4AE2-8099-CBD3B4ACA84C}.Release|x64.ActiveCfg = Release|Any CPU
		{0313F9D4-B184-4AE2-8099-CBD3B4ACA84C}.Release|x64.Build.0 = Release|Any CPU
		{0313F9D4-B184-4AE2-8099-CBD3B4ACA84C}.Release|x86.ActiveCfg = Release|Any CPU
		{0313F9D4-B184-4AE2-8099-CBD3B4ACA84C}.Release|x86.Build.0 = Release|Any CPU
		{9967D932-B5FB-43FF-9079-C38E47F5B96F}.Debug|Any CPU.ActiveCfg = Debug|Any CPU
		{9967D932-B5FB-43FF-9079-C38E47F5B96F}.Debug|Any CPU.Build.0 = Debug|Any CPU
		{9967D932-B5FB-43FF-9079-C38E47F5B96F}.Debug|x64.ActiveCfg = Debug|Any CPU
		{9967D932-B5FB-43FF-9079-C38E47F5B96F}.Debug|x64.Build.0 = Debug|Any CPU
		{9967D932-B5FB-43FF-9079-C38E47F5B96F}.Debug|x86.ActiveCfg = Debug|Any CPU
		{9967D932-B5FB-43FF-9079-C38E47F5B96F}.Debug|x86.Build.0 = Debug|Any CPU
		{9967D932-B5FB-43FF-9079-C38E47F5B96F}.Release|Any CPU.ActiveCfg = Release|Any CPU
		{9967D932-B5FB-43FF-9079-C38E47F5B96F}.Release|Any CPU.Build.0 = Release|Any CPU
		{9967D932-B5FB-43FF-9079-C38E47F5B96F}.Release|x64.ActiveCfg = Release|Any CPU
		{9967D932-B5FB-43FF-9079-C38E47F5B96F}.Release|x64.Build.0 = Release|Any CPU
		{9967D932-B5FB-43FF-9079-C38E47F5B96F}.Release|x86.ActiveCfg = Release|Any CPU
		{9967D932-B5FB-43FF-9079-C38E47F5B96F}.Release|x86.Build.0 = Release|Any CPU
		{1E9C3309-A99B-479F-B281-26D5A158EDFC}.Debug|Any CPU.ActiveCfg = Debug|Any CPU
		{1E9C3309-A99B-479F-B281-26D5A158EDFC}.Debug|Any CPU.Build.0 = Debug|Any CPU
		{1E9C3309-A99B-479F-B281-26D5A158EDFC}.Debug|x64.ActiveCfg = Debug|Any CPU
		{1E9C3309-A99B-479F-B281-26D5A158EDFC}.Debug|x64.Build.0 = Debug|Any CPU
		{1E9C3309-A99B-479F-B281-26D5A158EDFC}.Debug|x86.ActiveCfg = Debug|Any CPU
		{1E9C3309-A99B-479F-B281-26D5A158EDFC}.Debug|x86.Build.0 = Debug|Any CPU
		{1E9C3309-A99B-479F-B281-26D5A158EDFC}.Release|Any CPU.ActiveCfg = Release|Any CPU
		{1E9C3309-A99B-479F-B281-26D5A158EDFC}.Release|Any CPU.Build.0 = Release|Any CPU
		{1E9C3309-A99B-479F-B281-26D5A158EDFC}.Release|x64.ActiveCfg = Release|Any CPU
		{1E9C3309-A99B-479F-B281-26D5A158EDFC}.Release|x64.Build.0 = Release|Any CPU
		{1E9C3309-A99B-479F-B281-26D5A158EDFC}.Release|x86.ActiveCfg = Release|Any CPU
		{1E9C3309-A99B-479F-B281-26D5A158EDFC}.Release|x86.Build.0 = Release|Any CPU
		{80B15D43-16FC-4E8D-9AF8-64D0AD739D73}.Debug|Any CPU.ActiveCfg = Debug|Any CPU
		{80B15D43-16FC-4E8D-9AF8-64D0AD739D73}.Debug|Any CPU.Build.0 = Debug|Any CPU
		{80B15D43-16FC-4E8D-9AF8-64D0AD739D73}.Debug|x64.ActiveCfg = Debug|Any CPU
		{80B15D43-16FC-4E8D-9AF8-64D0AD739D73}.Debug|x64.Build.0 = Debug|Any CPU
		{80B15D43-16FC-4E8D-9AF8-64D0AD739D73}.Debug|x86.ActiveCfg = Debug|Any CPU
		{80B15D43-16FC-4E8D-9AF8-64D0AD739D73}.Debug|x86.Build.0 = Debug|Any CPU
		{80B15D43-16FC-4E8D-9AF8-64D0AD739D73}.Release|Any CPU.ActiveCfg = Release|Any CPU
		{80B15D43-16FC-4E8D-9AF8-64D0AD739D73}.Release|Any CPU.Build.0 = Release|Any CPU
		{80B15D43-16FC-4E8D-9AF8-64D0AD739D73}.Release|x64.ActiveCfg = Release|Any CPU
		{80B15D43-16FC-4E8D-9AF8-64D0AD739D73}.Release|x64.Build.0 = Release|Any CPU
		{80B15D43-16FC-4E8D-9AF8-64D0AD739D73}.Release|x86.ActiveCfg = Release|Any CPU
		{80B15D43-16FC-4E8D-9AF8-64D0AD739D73}.Release|x86.Build.0 = Release|Any CPU
		{9DF3349F-576B-46EC-8EB2-F1F65C23C9FB}.Debug|Any CPU.ActiveCfg = Debug|Any CPU
		{9DF3349F-576B-46EC-8EB2-F1F65C23C9FB}.Debug|Any CPU.Build.0 = Debug|Any CPU
		{9DF3349F-576B-46EC-8EB2-F1F65C23C9FB}.Debug|x64.ActiveCfg = Debug|Any CPU
		{9DF3349F-576B-46EC-8EB2-F1F65C23C9FB}.Debug|x64.Build.0 = Debug|Any CPU
		{9DF3349F-576B-46EC-8EB2-F1F65C23C9FB}.Debug|x86.ActiveCfg = Debug|Any CPU
		{9DF3349F-576B-46EC-8EB2-F1F65C23C9FB}.Debug|x86.Build.0 = Debug|Any CPU
		{9DF3349F-576B-46EC-8EB2-F1F65C23C9FB}.Release|Any CPU.ActiveCfg = Release|Any CPU
		{9DF3349F-576B-46EC-8EB2-F1F65C23C9FB}.Release|Any CPU.Build.0 = Release|Any CPU
		{9DF3349F-576B-46EC-8EB2-F1F65C23C9FB}.Release|x64.ActiveCfg = Release|Any CPU
		{9DF3349F-576B-46EC-8EB2-F1F65C23C9FB}.Release|x64.Build.0 = Release|Any CPU
		{9DF3349F-576B-46EC-8EB2-F1F65C23C9FB}.Release|x86.ActiveCfg = Release|Any CPU
		{9DF3349F-576B-46EC-8EB2-F1F65C23C9FB}.Release|x86.Build.0 = Release|Any CPU
		{38B3E6D1-E665-4108-95A8-B2960FD191EE}.Debug|Any CPU.ActiveCfg = Debug|Any CPU
		{38B3E6D1-E665-4108-95A8-B2960FD191EE}.Debug|Any CPU.Build.0 = Debug|Any CPU
		{38B3E6D1-E665-4108-95A8-B2960FD191EE}.Debug|x64.ActiveCfg = Debug|Any CPU
		{38B3E6D1-E665-4108-95A8-B2960FD191EE}.Debug|x64.Build.0 = Debug|Any CPU
		{38B3E6D1-E665-4108-95A8-B2960FD191EE}.Debug|x86.ActiveCfg = Debug|Any CPU
		{38B3E6D1-E665-4108-95A8-B2960FD191EE}.Debug|x86.Build.0 = Debug|Any CPU
		{38B3E6D1-E665-4108-95A8-B2960FD191EE}.Release|Any CPU.ActiveCfg = Release|Any CPU
		{38B3E6D1-E665-4108-95A8-B2960FD191EE}.Release|Any CPU.Build.0 = Release|Any CPU
		{38B3E6D1-E665-4108-95A8-B2960FD191EE}.Release|x64.ActiveCfg = Release|Any CPU
		{38B3E6D1-E665-4108-95A8-B2960FD191EE}.Release|x64.Build.0 = Release|Any CPU
		{38B3E6D1-E665-4108-95A8-B2960FD191EE}.Release|x86.ActiveCfg = Release|Any CPU
		{38B3E6D1-E665-4108-95A8-B2960FD191EE}.Release|x86.Build.0 = Release|Any CPU
		{7693BD40-0DF3-4214-BFAC-9A2E5C6D0FAD}.Debug|Any CPU.ActiveCfg = Debug|Any CPU
		{7693BD40-0DF3-4214-BFAC-9A2E5C6D0FAD}.Debug|Any CPU.Build.0 = Debug|Any CPU
		{7693BD40-0DF3-4214-BFAC-9A2E5C6D0FAD}.Debug|x64.ActiveCfg = Debug|Any CPU
		{7693BD40-0DF3-4214-BFAC-9A2E5C6D0FAD}.Debug|x64.Build.0 = Debug|Any CPU
		{7693BD40-0DF3-4214-BFAC-9A2E5C6D0FAD}.Debug|x86.ActiveCfg = Debug|Any CPU
		{7693BD40-0DF3-4214-BFAC-9A2E5C6D0FAD}.Debug|x86.Build.0 = Debug|Any CPU
		{7693BD40-0DF3-4214-BFAC-9A2E5C6D0FAD}.Release|Any CPU.ActiveCfg = Release|Any CPU
		{7693BD40-0DF3-4214-BFAC-9A2E5C6D0FAD}.Release|Any CPU.Build.0 = Release|Any CPU
		{7693BD40-0DF3-4214-BFAC-9A2E5C6D0FAD}.Release|x64.ActiveCfg = Release|Any CPU
		{7693BD40-0DF3-4214-BFAC-9A2E5C6D0FAD}.Release|x64.Build.0 = Release|Any CPU
		{7693BD40-0DF3-4214-BFAC-9A2E5C6D0FAD}.Release|x86.ActiveCfg = Release|Any CPU
		{7693BD40-0DF3-4214-BFAC-9A2E5C6D0FAD}.Release|x86.Build.0 = Release|Any CPU
		{764970C4-9571-413A-8FD9-5B72022AFB32}.Debug|Any CPU.ActiveCfg = Debug|Any CPU
		{764970C4-9571-413A-8FD9-5B72022AFB32}.Debug|Any CPU.Build.0 = Debug|Any CPU
		{764970C4-9571-413A-8FD9-5B72022AFB32}.Debug|x64.ActiveCfg = Debug|Any CPU
		{764970C4-9571-413A-8FD9-5B72022AFB32}.Debug|x64.Build.0 = Debug|Any CPU
		{764970C4-9571-413A-8FD9-5B72022AFB32}.Debug|x86.ActiveCfg = Debug|Any CPU
		{764970C4-9571-413A-8FD9-5B72022AFB32}.Debug|x86.Build.0 = Debug|Any CPU
		{764970C4-9571-413A-8FD9-5B72022AFB32}.Release|Any CPU.ActiveCfg = Release|Any CPU
		{764970C4-9571-413A-8FD9-5B72022AFB32}.Release|Any CPU.Build.0 = Release|Any CPU
		{764970C4-9571-413A-8FD9-5B72022AFB32}.Release|x64.ActiveCfg = Release|Any CPU
		{764970C4-9571-413A-8FD9-5B72022AFB32}.Release|x64.Build.0 = Release|Any CPU
		{764970C4-9571-413A-8FD9-5B72022AFB32}.Release|x86.ActiveCfg = Release|Any CPU
		{764970C4-9571-413A-8FD9-5B72022AFB32}.Release|x86.Build.0 = Release|Any CPU
		{69F2E763-0C7A-4688-A1F4-AC4F3C63EFAE}.Debug|Any CPU.ActiveCfg = Debug|Any CPU
		{69F2E763-0C7A-4688-A1F4-AC4F3C63EFAE}.Debug|Any CPU.Build.0 = Debug|Any CPU
		{69F2E763-0C7A-4688-A1F4-AC4F3C63EFAE}.Debug|x64.ActiveCfg = Debug|Any CPU
		{69F2E763-0C7A-4688-A1F4-AC4F3C63EFAE}.Debug|x64.Build.0 = Debug|Any CPU
		{69F2E763-0C7A-4688-A1F4-AC4F3C63EFAE}.Debug|x86.ActiveCfg = Debug|Any CPU
		{69F2E763-0C7A-4688-A1F4-AC4F3C63EFAE}.Debug|x86.Build.0 = Debug|Any CPU
		{69F2E763-0C7A-4688-A1F4-AC4F3C63EFAE}.Release|Any CPU.ActiveCfg = Release|Any CPU
		{69F2E763-0C7A-4688-A1F4-AC4F3C63EFAE}.Release|Any CPU.Build.0 = Release|Any CPU
		{69F2E763-0C7A-4688-A1F4-AC4F3C63EFAE}.Release|x64.ActiveCfg = Release|Any CPU
		{69F2E763-0C7A-4688-A1F4-AC4F3C63EFAE}.Release|x64.Build.0 = Release|Any CPU
		{69F2E763-0C7A-4688-A1F4-AC4F3C63EFAE}.Release|x86.ActiveCfg = Release|Any CPU
		{69F2E763-0C7A-4688-A1F4-AC4F3C63EFAE}.Release|x86.Build.0 = Release|Any CPU
		{5C1FC005-EA60-46AE-83F4-93CD89EDD722}.Debug|Any CPU.ActiveCfg = Debug|Any CPU
		{5C1FC005-EA60-46AE-83F4-93CD89EDD722}.Debug|Any CPU.Build.0 = Debug|Any CPU
		{5C1FC005-EA60-46AE-83F4-93CD89EDD722}.Debug|x64.ActiveCfg = Debug|Any CPU
		{5C1FC005-EA60-46AE-83F4-93CD89EDD722}.Debug|x64.Build.0 = Debug|Any CPU
		{5C1FC005-EA60-46AE-83F4-93CD89EDD722}.Debug|x86.ActiveCfg = Debug|Any CPU
		{5C1FC005-EA60-46AE-83F4-93CD89EDD722}.Debug|x86.Build.0 = Debug|Any CPU
		{5C1FC005-EA60-46AE-83F4-93CD89EDD722}.Release|Any CPU.ActiveCfg = Release|Any CPU
		{5C1FC005-EA60-46AE-83F4-93CD89EDD722}.Release|Any CPU.Build.0 = Release|Any CPU
		{5C1FC005-EA60-46AE-83F4-93CD89EDD722}.Release|x64.ActiveCfg = Release|Any CPU
		{5C1FC005-EA60-46AE-83F4-93CD89EDD722}.Release|x64.Build.0 = Release|Any CPU
		{5C1FC005-EA60-46AE-83F4-93CD89EDD722}.Release|x86.ActiveCfg = Release|Any CPU
		{5C1FC005-EA60-46AE-83F4-93CD89EDD722}.Release|x86.Build.0 = Release|Any CPU
	EndGlobalSection
	GlobalSection(SolutionProperties) = preSolution
		HideSolutionNode = FALSE
	EndGlobalSection
	GlobalSection(NestedProjects) = preSolution
		{67AF6E26-6991-4ECF-9B3D-E15F829E128C} = {DC3964A9-C266-4A8A-954D-44504A64EF8C}
		{41B2BFF5-F871-4F38-8DCC-9F06B867D595} = {5D55F44D-1016-4AD9-9A82-FB7655EF5983}
		{F68BE3CE-8147-4C9C-906F-6E4273FA1AAD} = {DC3964A9-C266-4A8A-954D-44504A64EF8C}
		{6725F814-1280-4FBA-AB45-4793844DC959} = {5D55F44D-1016-4AD9-9A82-FB7655EF5983}
		{0313F9D4-B184-4AE2-8099-CBD3B4ACA84C} = {659437A0-D554-462E-B7C8-937118DBC628}
		{9967D932-B5FB-43FF-9079-C38E47F5B96F} = {DC3964A9-C266-4A8A-954D-44504A64EF8C}
		{1E9C3309-A99B-479F-B281-26D5A158EDFC} = {5D55F44D-1016-4AD9-9A82-FB7655EF5983}
		{80B15D43-16FC-4E8D-9AF8-64D0AD739D73} = {659437A0-D554-462E-B7C8-937118DBC628}
		{9DF3349F-576B-46EC-8EB2-F1F65C23C9FB} = {BABB902D-090C-4C89-975A-684D93D70354}
		{38B3E6D1-E665-4108-95A8-B2960FD191EE} = {76897309-1BAB-40EF-B740-BB893F98B53D}
		{76897309-1BAB-40EF-B740-BB893F98B53D} = {DC3964A9-C266-4A8A-954D-44504A64EF8C}
		{BABB902D-090C-4C89-975A-684D93D70354} = {DC3964A9-C266-4A8A-954D-44504A64EF8C}
		{7693BD40-0DF3-4214-BFAC-9A2E5C6D0FAD} = {659437A0-D554-462E-B7C8-937118DBC628}
		{764970C4-9571-413A-8FD9-5B72022AFB32} = {2B0F78B0-D7B8-4AB6-AEE8-7D8416A5D0A3}
		{69F2E763-0C7A-4688-A1F4-AC4F3C63EFAE} = {2B0F78B0-D7B8-4AB6-AEE8-7D8416A5D0A3}
		{2B0F78B0-D7B8-4AB6-AEE8-7D8416A5D0A3} = {DC3964A9-C266-4A8A-954D-44504A64EF8C}
		{5C1FC005-EA60-46AE-83F4-93CD89EDD722} = {90942F87-D52A-475D-9165-38EEAF660F43}
		{90942F87-D52A-475D-9165-38EEAF660F43} = {5D55F44D-1016-4AD9-9A82-FB7655EF5983}
	EndGlobalSection
	GlobalSection(ExtensibilityGlobals) = postSolution
		SolutionGuid = {1371E398-484E-40EA-B773-61F8FE41836D}
	EndGlobalSection
EndGlobal
